
Microsoft Visual Studio Solution File, Format Version 12.00
# Visual Studio Version 17
VisualStudioVersion = 17.7.34018.315
MinimumVisualStudioVersion = 10.0.40219.1
Project("{9A19103F-16F7-4668-BE54-9A1E7A4F7556}") = "BulkyBookApp", "BulkyBookApp\BulkyBookApp.csproj", "{0356C2E0-DA3F-4807-8E8B-415970864489}"
EndProject
Project("{2150E333-8FDC-42A3-9474-1A3956D46DE8}") = "Solution Items", "Solution Items", "{11189814-B39B-4D33-B866-6B756EFECBBF}"
	ProjectSection(SolutionItems) = preProject
		.editorconfig = .editorconfig
	EndProjectSection
EndProject
Global
	GlobalSection(SolutionConfigurationPlatforms) = preSolution
		Debug|Any CPU = Debug|Any CPU
		Release|Any CPU = Release|Any CPU
	EndGlobalSection
	GlobalSection(ProjectConfigurationPlatforms) = postSolution
		{0356C2E0-DA3F-4807-8E8B-415970864489}.Debug|Any CPU.ActiveCfg = Debug|Any CPU
		{0356C2E0-DA3F-4807-8E8B-415970864489}.Debug|Any CPU.Build.0 = Debug|Any CPU
		{0356C2E0-DA3F-4807-8E8B-415970864489}.Release|Any CPU.ActiveCfg = Release|Any CPU
		{0356C2E0-DA3F-4807-8E8B-415970864489}.Release|Any CPU.Build.0 = Release|Any CPU
	EndGlobalSection
	GlobalSection(SolutionProperties) = preSolution
		HideSolutionNode = FALSE
	EndGlobalSection
	GlobalSection(ExtensibilityGlobals) = postSolution
		SolutionGuid = {30AADC07-34F2-4FDC-9DAA-34688EB83D31}
	EndGlobalSection
EndGlobal
